
Microsoft Visual Studio Solution File, Format Version 12.00
# Visual Studio Version 17
VisualStudioVersion = 17.11.35222.181
MinimumVisualStudioVersion = 10.0.40219.1
Project("{FAE04EC0-301F-11D3-BF4B-00C04F79EFBC}") = "Place the Parenthesis Test", "Place the Parenthesis Test\Place the Parenthesis Test.csproj", "{EAD233BF-A3E7-4013-964E-35E101534888}"
EndProject
Global
	GlobalSection(SolutionConfigurationPlatforms) = preSolution
		Debug|Any CPU = Debug|Any CPU
		Release|Any CPU = Release|Any CPU
	EndGlobalSection
	GlobalSection(ProjectConfigurationPlatforms) = postSolution
		{EAD233BF-A3E7-4013-964E-35E101534888}.Debug|Any CPU.ActiveCfg = Debug|Any CPU
		{EAD233BF-A3E7-4013-964E-35E101534888}.Debug|Any CPU.Build.0 = Debug|Any CPU
		{EAD233BF-A3E7-4013-964E-35E101534888}.Release|Any CPU.ActiveCfg = Release|Any CPU
		{EAD233BF-A3E7-4013-964E-35E101534888}.Release|Any CPU.Build.0 = Release|Any CPU
	EndGlobalSection
	GlobalSection(SolutionProperties) = preSolution
		HideSolutionNode = FALSE
	EndGlobalSection
	GlobalSection(ExtensibilityGlobals) = postSolution
		SolutionGuid = {C276CFDA-EEB3-4F96-B215-7D14F284D0D9}
	EndGlobalSection
EndGlobal
